// !$*UTF8*$!
{
	archiveVersion = 1;
	classes = {
	};
	objectVersion = 51;
	objects = {

/* Begin PBXBuildFile section */
		3DD9D02F2404C61F0003B11D /* AppDelegate.swift in Sources */ = {isa = PBXBuildFile; fileRef = 3DD9D02E2404C61F0003B11D /* AppDelegate.swift */; };
		3DD9D0312404C61F0003B11D /* SceneDelegate.swift in Sources */ = {isa = PBXBuildFile; fileRef = 3DD9D0302404C61F0003B11D /* SceneDelegate.swift */; };
		3DD9D0332404C61F0003B11D /* ViewController.swift in Sources */ = {isa = PBXBuildFile; fileRef = 3DD9D0322404C61F0003B11D /* ViewController.swift */; };
		3DD9D0362404C61F0003B11D /* Main.storyboard in Resources */ = {isa = PBXBuildFile; fileRef = 3DD9D0342404C61F0003B11D /* Main.storyboard */; };
		3DD9D0382404C6210003B11D /* Assets.xcassets in Resources */ = {isa = PBXBuildFile; fileRef = 3DD9D0372404C6210003B11D /* Assets.xcassets */; };
		3DD9D03B2404C6210003B11D /* LaunchScreen.storyboard in Resources */ = {isa = PBXBuildFile; fileRef = 3DD9D0392404C6210003B11D /* LaunchScreen.storyboard */; };
		3DD9D0462404C6210003B11D /* ListaZapTests.swift in Sources */ = {isa = PBXBuildFile; fileRef = 3DD9D0452404C6210003B11D /* ListaZapTests.swift */; };
		3DD9D0542404C6ED0003B11D /* ApiClient.swift in Sources */ = {isa = PBXBuildFile; fileRef = 3DD9D0532404C6ED0003B11D /* ApiClient.swift */; };
		3DFAB84224080C3D00262B8C /* ErrorResponse.swift in Sources */ = {isa = PBXBuildFile; fileRef = 3DFAB84124080C3D00262B8C /* ErrorResponse.swift */; };
		3DFAB84624080CE700262B8C /* StatementResponse.swift in Sources */ = {isa = PBXBuildFile; fileRef = 3DFAB84524080CE700262B8C /* StatementResponse.swift */; };
		3DFAB848240813BA00262B8C /* StatementsWorker.swift in Sources */ = {isa = PBXBuildFile; fileRef = 3DFAB847240813BA00262B8C /* StatementsWorker.swift */; };
		3DFAB84A240854A800262B8C /* StatementsInteractor.swift in Sources */ = {isa = PBXBuildFile; fileRef = 3DFAB849240854A800262B8C /* StatementsInteractor.swift */; };
		87C0B4CEC49A09BF67E2C2D3 /* Pods_ListaZap.framework in Frameworks */ = {isa = PBXBuildFile; fileRef = E9C01F16448BCCDC7C3E0BC2 /* Pods_ListaZap.framework */; };
		AA294009A65A49CD29D334F9 /* Pods_ListaZapTests.framework in Frameworks */ = {isa = PBXBuildFile; fileRef = C007246DEF32550FF521EBA9 /* Pods_ListaZapTests.framework */; };
/* End PBXBuildFile section */

/* Begin PBXContainerItemProxy section */
		3DD9D0422404C6210003B11D /* PBXContainerItemProxy */ = {
			isa = PBXContainerItemProxy;
			containerPortal = 3DD9D0232404C61E0003B11D /* Project object */;
			proxyType = 1;
			remoteGlobalIDString = 3DD9D02A2404C61E0003B11D;
			remoteInfo = ListaZap;
		};
/* End PBXContainerItemProxy section */

/* Begin PBXFileReference section */
		1E19F78811B5C71863AFDEBE /* Pods-ListaZap.debug.xcconfig */ = {isa = PBXFileReference; includeInIndex = 1; lastKnownFileType = text.xcconfig; name = "Pods-ListaZap.debug.xcconfig"; path = "Target Support Files/Pods-ListaZap/Pods-ListaZap.debug.xcconfig"; sourceTree = "<group>"; };
		346B9D42BFDF8C9688CB4489 /* Pods-ListaZapTests.release.xcconfig */ = {isa = PBXFileReference; includeInIndex = 1; lastKnownFileType = text.xcconfig; name = "Pods-ListaZapTests.release.xcconfig"; path = "Target Support Files/Pods-ListaZapTests/Pods-ListaZapTests.release.xcconfig"; sourceTree = "<group>"; };
		3DD9D02B2404C61F0003B11D /* ListaZap.app */ = {isa = PBXFileReference; explicitFileType = wrapper.application; includeInIndex = 0; path = ListaZap.app; sourceTree = BUILT_PRODUCTS_DIR; };
		3DD9D02E2404C61F0003B11D /* AppDelegate.swift */ = {isa = PBXFileReference; lastKnownFileType = sourcecode.swift; path = AppDelegate.swift; sourceTree = "<group>"; };
		3DD9D0302404C61F0003B11D /* SceneDelegate.swift */ = {isa = PBXFileReference; lastKnownFileType = sourcecode.swift; path = SceneDelegate.swift; sourceTree = "<group>"; };
		3DD9D0322404C61F0003B11D /* ViewController.swift */ = {isa = PBXFileReference; lastKnownFileType = sourcecode.swift; path = ViewController.swift; sourceTree = "<group>"; };
		3DD9D0352404C61F0003B11D /* Base */ = {isa = PBXFileReference; lastKnownFileType = file.storyboard; name = Base; path = Base.lproj/Main.storyboard; sourceTree = "<group>"; };
		3DD9D0372404C6210003B11D /* Assets.xcassets */ = {isa = PBXFileReference; lastKnownFileType = folder.assetcatalog; path = Assets.xcassets; sourceTree = "<group>"; };
		3DD9D03A2404C6210003B11D /* Base */ = {isa = PBXFileReference; lastKnownFileType = file.storyboard; name = Base; path = Base.lproj/LaunchScreen.storyboard; sourceTree = "<group>"; };
		3DD9D03C2404C6210003B11D /* Info.plist */ = {isa = PBXFileReference; lastKnownFileType = text.plist.xml; path = Info.plist; sourceTree = "<group>"; };
		3DD9D0412404C6210003B11D /* ListaZapTests.xctest */ = {isa = PBXFileReference; explicitFileType = wrapper.cfbundle; includeInIndex = 0; path = ListaZapTests.xctest; sourceTree = BUILT_PRODUCTS_DIR; };
		3DD9D0452404C6210003B11D /* ListaZapTests.swift */ = {isa = PBXFileReference; lastKnownFileType = sourcecode.swift; path = ListaZapTests.swift; sourceTree = "<group>"; };
		3DD9D0472404C6210003B11D /* Info.plist */ = {isa = PBXFileReference; lastKnownFileType = text.plist.xml; path = Info.plist; sourceTree = "<group>"; };
		3DD9D0532404C6ED0003B11D /* ApiClient.swift */ = {isa = PBXFileReference; lastKnownFileType = sourcecode.swift; path = ApiClient.swift; sourceTree = "<group>"; };
		3DFAB84124080C3D00262B8C /* ErrorResponse.swift */ = {isa = PBXFileReference; lastKnownFileType = sourcecode.swift; path = ErrorResponse.swift; sourceTree = "<group>"; };
		3DFAB84524080CE700262B8C /* StatementResponse.swift */ = {isa = PBXFileReference; lastKnownFileType = sourcecode.swift; path = StatementResponse.swift; sourceTree = "<group>"; };
		3DFAB847240813BA00262B8C /* StatementsWorker.swift */ = {isa = PBXFileReference; lastKnownFileType = sourcecode.swift; path = StatementsWorker.swift; sourceTree = "<group>"; };
		3DFAB849240854A800262B8C /* StatementsInteractor.swift */ = {isa = PBXFileReference; lastKnownFileType = sourcecode.swift; path = StatementsInteractor.swift; sourceTree = "<group>"; };
		665D32C5B7FFAC8B502CA207 /* Pods-ListaZap.release.xcconfig */ = {isa = PBXFileReference; includeInIndex = 1; lastKnownFileType = text.xcconfig; name = "Pods-ListaZap.release.xcconfig"; path = "Target Support Files/Pods-ListaZap/Pods-ListaZap.release.xcconfig"; sourceTree = "<group>"; };
		78C2FA0FEF8192034573E882 /* Pods-ListaZapTests.debug.xcconfig */ = {isa = PBXFileReference; includeInIndex = 1; lastKnownFileType = text.xcconfig; name = "Pods-ListaZapTests.debug.xcconfig"; path = "Target Support Files/Pods-ListaZapTests/Pods-ListaZapTests.debug.xcconfig"; sourceTree = "<group>"; };
		C007246DEF32550FF521EBA9 /* Pods_ListaZapTests.framework */ = {isa = PBXFileReference; explicitFileType = wrapper.framework; includeInIndex = 0; path = Pods_ListaZapTests.framework; sourceTree = BUILT_PRODUCTS_DIR; };
		E9C01F16448BCCDC7C3E0BC2 /* Pods_ListaZap.framework */ = {isa = PBXFileReference; explicitFileType = wrapper.framework; includeInIndex = 0; path = Pods_ListaZap.framework; sourceTree = BUILT_PRODUCTS_DIR; };
/* End PBXFileReference section */

/* Begin PBXFrameworksBuildPhase section */
		3DD9D0282404C61E0003B11D /* Frameworks */ = {
			isa = PBXFrameworksBuildPhase;
			buildActionMask = 2147483647;
			files = (
				87C0B4CEC49A09BF67E2C2D3 /* Pods_ListaZap.framework in Frameworks */,
			);
			runOnlyForDeploymentPostprocessing = 0;
		};
		3DD9D03E2404C6210003B11D /* Frameworks */ = {
			isa = PBXFrameworksBuildPhase;
			buildActionMask = 2147483647;
			files = (
				AA294009A65A49CD29D334F9 /* Pods_ListaZapTests.framework in Frameworks */,
			);
			runOnlyForDeploymentPostprocessing = 0;
		};
/* End PBXFrameworksBuildPhase section */

/* Begin PBXGroup section */
		184446214D1282BFFC1D6AEF /* Frameworks */ = {
			isa = PBXGroup;
			children = (
				E9C01F16448BCCDC7C3E0BC2 /* Pods_ListaZap.framework */,
				C007246DEF32550FF521EBA9 /* Pods_ListaZapTests.framework */,
			);
			name = Frameworks;
			sourceTree = "<group>";
		};
		3DD9D0222404C61E0003B11D = {
			isa = PBXGroup;
			children = (
				3DD9D02D2404C61F0003B11D /* ListaZap */,
				3DD9D0442404C6210003B11D /* ListaZapTests */,
				3DD9D02C2404C61F0003B11D /* Products */,
				DEB170E4173CF0619765EBDC /* Pods */,
				184446214D1282BFFC1D6AEF /* Frameworks */,
			);
			sourceTree = "<group>";
		};
		3DD9D02C2404C61F0003B11D /* Products */ = {
			isa = PBXGroup;
			children = (
				3DD9D02B2404C61F0003B11D /* ListaZap.app */,
				3DD9D0412404C6210003B11D /* ListaZapTests.xctest */,
			);
			name = Products;
			sourceTree = "<group>";
		};
		3DD9D02D2404C61F0003B11D /* ListaZap */ = {
			isa = PBXGroup;
			children = (
				3DD9D0502404C62D0003B11D /* Model */,
				3DD9D0522404C6470003B11D /* Controller */,
				3DD9D0512404C6420003B11D /* View */,
				3DD9D02E2404C61F0003B11D /* AppDelegate.swift */,
				3DD9D0302404C61F0003B11D /* SceneDelegate.swift */,
				3DD9D0342404C61F0003B11D /* Main.storyboard */,
				3DD9D0372404C6210003B11D /* Assets.xcassets */,
				3DD9D0392404C6210003B11D /* LaunchScreen.storyboard */,
				3DD9D03C2404C6210003B11D /* Info.plist */,
			);
			path = ListaZap;
			sourceTree = "<group>";
		};
		3DD9D0442404C6210003B11D /* ListaZapTests */ = {
			isa = PBXGroup;
			children = (
				3DD9D0452404C6210003B11D /* ListaZapTests.swift */,
				3DD9D0472404C6210003B11D /* Info.plist */,
			);
			path = ListaZapTests;
			sourceTree = "<group>";
		};
		3DD9D0502404C62D0003B11D /* Model */ = {
			isa = PBXGroup;
			children = (
				3DD9D0532404C6ED0003B11D /* ApiClient.swift */,
				3DFAB84524080CE700262B8C /* StatementResponse.swift */,
				3DFAB84124080C3D00262B8C /* ErrorResponse.swift */,
				3DFAB847240813BA00262B8C /* StatementsWorker.swift */,
				3DFAB849240854A800262B8C /* StatementsInteractor.swift */,
			);
			path = Model;
			sourceTree = "<group>";
		};
		3DD9D0512404C6420003B11D /* View */ = {
			isa = PBXGroup;
			children = (
			);
			path = View;
			sourceTree = "<group>";
		};
		3DD9D0522404C6470003B11D /* Controller */ = {
			isa = PBXGroup;
			children = (
				3DD9D0322404C61F0003B11D /* ViewController.swift */,
			);
			path = Controller;
			sourceTree = "<group>";
		};
		DEB170E4173CF0619765EBDC /* Pods */ = {
			isa = PBXGroup;
			children = (
				1E19F78811B5C71863AFDEBE /* Pods-ListaZap.debug.xcconfig */,
				665D32C5B7FFAC8B502CA207 /* Pods-ListaZap.release.xcconfig */,
				78C2FA0FEF8192034573E882 /* Pods-ListaZapTests.debug.xcconfig */,
				346B9D42BFDF8C9688CB4489 /* Pods-ListaZapTests.release.xcconfig */,
			);
			path = Pods;
			sourceTree = "<group>";
		};
/* End PBXGroup section */

/* Begin PBXNativeTarget section */
		3DD9D02A2404C61E0003B11D /* ListaZap */ = {
			isa = PBXNativeTarget;
			buildConfigurationList = 3DD9D04A2404C6210003B11D /* Build configuration list for PBXNativeTarget "ListaZap" */;
			buildPhases = (
				BD0D4419402D12D0C7859548 /* [CP] Check Pods Manifest.lock */,
				3DD9D0272404C61E0003B11D /* Sources */,
				3DD9D0282404C61E0003B11D /* Frameworks */,
				3DD9D0292404C61E0003B11D /* Resources */,
				50FA3474DE95C8BCF5A1872C /* [CP] Embed Pods Frameworks */,
			);
			buildRules = (
			);
			dependencies = (
			);
			name = ListaZap;
			productName = ListaZap;
			productReference = 3DD9D02B2404C61F0003B11D /* ListaZap.app */;
			productType = "com.apple.product-type.application";
		};
		3DD9D0402404C6210003B11D /* ListaZapTests */ = {
			isa = PBXNativeTarget;
			buildConfigurationList = 3DD9D04D2404C6210003B11D /* Build configuration list for PBXNativeTarget "ListaZapTests" */;
			buildPhases = (
				E1ABE088C41E8D677354CAD7 /* [CP] Check Pods Manifest.lock */,
				3DD9D03D2404C6210003B11D /* Sources */,
				3DD9D03E2404C6210003B11D /* Frameworks */,
				3DD9D03F2404C6210003B11D /* Resources */,
			);
			buildRules = (
			);
			dependencies = (
				3DD9D0432404C6210003B11D /* PBXTargetDependency */,
			);
			name = ListaZapTests;
			productName = ListaZapTests;
			productReference = 3DD9D0412404C6210003B11D /* ListaZapTests.xctest */;
			productType = "com.apple.product-type.bundle.unit-test";
		};
/* End PBXNativeTarget section */

/* Begin PBXProject section */
		3DD9D0232404C61E0003B11D /* Project object */ = {
			isa = PBXProject;
			attributes = {
				LastSwiftUpdateCheck = 1130;
				LastUpgradeCheck = 1130;
				ORGANIZATIONNAME = "Romulo Oliveira Viganico";
				TargetAttributes = {
					3DD9D02A2404C61E0003B11D = {
						CreatedOnToolsVersion = 11.3.1;
					};
					3DD9D0402404C6210003B11D = {
						CreatedOnToolsVersion = 11.3.1;
						TestTargetID = 3DD9D02A2404C61E0003B11D;
					};
				};
			};
			buildConfigurationList = 3DD9D0262404C61E0003B11D /* Build configuration list for PBXProject "ListaZap" */;
			compatibilityVersion = "Xcode 9.3";
			developmentRegion = en;
			hasScannedForEncodings = 0;
			knownRegions = (
				en,
				Base,
			);
			mainGroup = 3DD9D0222404C61E0003B11D;
			productRefGroup = 3DD9D02C2404C61F0003B11D /* Products */;
			projectDirPath = "";
			projectRoot = "";
			targets = (
				3DD9D02A2404C61E0003B11D /* ListaZap */,
				3DD9D0402404C6210003B11D /* ListaZapTests */,
			);
		};
/* End PBXProject section */

/* Begin PBXResourcesBuildPhase section */
		3DD9D0292404C61E0003B11D /* Resources */ = {
			isa = PBXResourcesBuildPhase;
			buildActionMask = 2147483647;
			files = (
				3DD9D03B2404C6210003B11D /* LaunchScreen.storyboard in Resources */,
				3DD9D0382404C6210003B11D /* Assets.xcassets in Resources */,
				3DD9D0362404C61F0003B11D /* Main.storyboard in Resources */,
			);
			runOnlyForDeploymentPostprocessing = 0;
		};
		3DD9D03F2404C6210003B11D /* Resources */ = {
			isa = PBXResourcesBuildPhase;
			buildActionMask = 2147483647;
			files = (
			);
			runOnlyForDeploymentPostprocessing = 0;
		};
/* End PBXResourcesBuildPhase section */

/* Begin PBXShellScriptBuildPhase section */
		50FA3474DE95C8BCF5A1872C /* [CP] Embed Pods Frameworks */ = {
			isa = PBXShellScriptBuildPhase;
			buildActionMask = 2147483647;
			files = (
			);
			inputFileListPaths = (
				"${PODS_ROOT}/Target Support Files/Pods-ListaZap/Pods-ListaZap-frameworks-${CONFIGURATION}-input-files.xcfilelist",
			);
			name = "[CP] Embed Pods Frameworks";
			outputFileListPaths = (
				"${PODS_ROOT}/Target Support Files/Pods-ListaZap/Pods-ListaZap-frameworks-${CONFIGURATION}-output-files.xcfilelist",
			);
			runOnlyForDeploymentPostprocessing = 0;
			shellPath = /bin/sh;
			shellScript = "\"${PODS_ROOT}/Target Support Files/Pods-ListaZap/Pods-ListaZap-frameworks.sh\"\n";
			showEnvVarsInLog = 0;
		};
		BD0D4419402D12D0C7859548 /* [CP] Check Pods Manifest.lock */ = {
			isa = PBXShellScriptBuildPhase;
			buildActionMask = 2147483647;
			files = (
			);
			inputFileListPaths = (
			);
			inputPaths = (
				"${PODS_PODFILE_DIR_PATH}/Podfile.lock",
				"${PODS_ROOT}/Manifest.lock",
			);
			name = "[CP] Check Pods Manifest.lock";
			outputFileListPaths = (
			);
			outputPaths = (
				"$(DERIVED_FILE_DIR)/Pods-ListaZap-checkManifestLockResult.txt",
			);
			runOnlyForDeploymentPostprocessing = 0;
			shellPath = /bin/sh;
			shellScript = "diff \"${PODS_PODFILE_DIR_PATH}/Podfile.lock\" \"${PODS_ROOT}/Manifest.lock\" > /dev/null\nif [ $? != 0 ] ; then\n    # print error to STDERR\n    echo \"error: The sandbox is not in sync with the Podfile.lock. Run 'pod install' or update your CocoaPods installation.\" >&2\n    exit 1\nfi\n# This output is used by Xcode 'outputs' to avoid re-running this script phase.\necho \"SUCCESS\" > \"${SCRIPT_OUTPUT_FILE_0}\"\n";
			showEnvVarsInLog = 0;
		};
		E1ABE088C41E8D677354CAD7 /* [CP] Check Pods Manifest.lock */ = {
			isa = PBXShellScriptBuildPhase;
			buildActionMask = 2147483647;
			files = (
			);
			inputFileListPaths = (
			);
			inputPaths = (
				"${PODS_PODFILE_DIR_PATH}/Podfile.lock",
				"${PODS_ROOT}/Manifest.lock",
			);
			name = "[CP] Check Pods Manifest.lock";
			outputFileListPaths = (
			);
			outputPaths = (
				"$(DERIVED_FILE_DIR)/Pods-ListaZapTests-checkManifestLockResult.txt",
			);
			runOnlyForDeploymentPostprocessing = 0;
			shellPath = /bin/sh;
			shellScript = "diff \"${PODS_PODFILE_DIR_PATH}/Podfile.lock\" \"${PODS_ROOT}/Manifest.lock\" > /dev/null\nif [ $? != 0 ] ; then\n    # print error to STDERR\n    echo \"error: The sandbox is not in sync with the Podfile.lock. Run 'pod install' or update your CocoaPods installation.\" >&2\n    exit 1\nfi\n# This output is used by Xcode 'outputs' to avoid re-running this script phase.\necho \"SUCCESS\" > \"${SCRIPT_OUTPUT_FILE_0}\"\n";
			showEnvVarsInLog = 0;
		};
/* End PBXShellScriptBuildPhase section */

/* Begin PBXSourcesBuildPhase section */
		3DD9D0272404C61E0003B11D /* Sources */ = {
			isa = PBXSourcesBuildPhase;
			buildActionMask = 2147483647;
			files = (
				3DFAB84A240854A800262B8C /* StatementsInteractor.swift in Sources */,
				3DFAB848240813BA00262B8C /* StatementsWorker.swift in Sources */,
				3DD9D0332404C61F0003B11D /* ViewController.swift in Sources */,
				3DD9D02F2404C61F0003B11D /* AppDelegate.swift in Sources */,
				3DFAB84624080CE700262B8C /* StatementResponse.swift in Sources */,
				3DFAB84224080C3D00262B8C /* ErrorResponse.swift in Sources */,
				3DD9D0312404C61F0003B11D /* SceneDelegate.swift in Sources */,
				3DD9D0542404C6ED0003B11D /* ApiClient.swift in Sources */,
			);
			runOnlyForDeploymentPostprocessing = 0;
		};
		3DD9D03D2404C6210003B11D /* Sources */ = {
			isa = PBXSourcesBuildPhase;
			buildActionMask = 2147483647;
			files = (
				3DD9D0462404C6210003B11D /* ListaZapTests.swift in Sources */,
			);
			runOnlyForDeploymentPostprocessing = 0;
		};
/* End PBXSourcesBuildPhase section */

/* Begin PBXTargetDependency section */
		3DD9D0432404C6210003B11D /* PBXTargetDependency */ = {
			isa = PBXTargetDependency;
			target = 3DD9D02A2404C61E0003B11D /* ListaZap */;
			targetProxy = 3DD9D0422404C6210003B11D /* PBXContainerItemProxy */;
		};
/* End PBXTargetDependency section */

/* Begin PBXVariantGroup section */
		3DD9D0342404C61F0003B11D /* Main.storyboard */ = {
			isa = PBXVariantGroup;
			children = (
				3DD9D0352404C61F0003B11D /* Base */,
			);
			name = Main.storyboard;
			sourceTree = "<group>";
		};
		3DD9D0392404C6210003B11D /* LaunchScreen.storyboard */ = {
			isa = PBXVariantGroup;
			children = (
				3DD9D03A2404C6210003B11D /* Base */,
			);
			name = LaunchScreen.storyboard;
			sourceTree = "<group>";
		};
/* End PBXVariantGroup section */

/* Begin XCBuildConfiguration section */
		3DD9D0482404C6210003B11D /* Debug */ = {
			isa = XCBuildConfiguration;
			buildSettings = {
				ALWAYS_SEARCH_USER_PATHS = NO;
				CLANG_ANALYZER_NONNULL = YES;
				CLANG_ANALYZER_NUMBER_OBJECT_CONVERSION = YES_AGGRESSIVE;
				CLANG_CXX_LANGUAGE_STANDARD = "gnu++14";
				CLANG_CXX_LIBRARY = "libc++";
				CLANG_ENABLE_MODULES = YES;
				CLANG_ENABLE_OBJC_ARC = YES;
				CLANG_ENABLE_OBJC_WEAK = YES;
				CLANG_WARN_BLOCK_CAPTURE_AUTORELEASING = YES;
				CLANG_WARN_BOOL_CONVERSION = YES;
				CLANG_WARN_COMMA = YES;
				CLANG_WARN_CONSTANT_CONVERSION = YES;
				CLANG_WARN_DEPRECATED_OBJC_IMPLEMENTATIONS = YES;
				CLANG_WARN_DIRECT_OBJC_ISA_USAGE = YES_ERROR;
				CLANG_WARN_DOCUMENTATION_COMMENTS = YES;
				CLANG_WARN_EMPTY_BODY = YES;
				CLANG_WARN_ENUM_CONVERSION = YES;
				CLANG_WARN_INFINITE_RECURSION = YES;
				CLANG_WARN_INT_CONVERSION = YES;
				CLANG_WARN_NON_LITERAL_NULL_CONVERSION = YES;
				CLANG_WARN_OBJC_IMPLICIT_RETAIN_SELF = YES;
				CLANG_WARN_OBJC_LITERAL_CONVERSION = YES;
				CLANG_WARN_OBJC_ROOT_CLASS = YES_ERROR;
				CLANG_WARN_RANGE_LOOP_ANALYSIS = YES;
				CLANG_WARN_STRICT_PROTOTYPES = YES;
				CLANG_WARN_SUSPICIOUS_MOVE = YES;
				CLANG_WARN_UNGUARDED_AVAILABILITY = YES_AGGRESSIVE;
				CLANG_WARN_UNREACHABLE_CODE = YES;
				CLANG_WARN__DUPLICATE_METHOD_MATCH = YES;
				COPY_PHASE_STRIP = NO;
				DEBUG_INFORMATION_FORMAT = dwarf;
				ENABLE_STRICT_OBJC_MSGSEND = YES;
				ENABLE_TESTABILITY = YES;
				GCC_C_LANGUAGE_STANDARD = gnu11;
				GCC_DYNAMIC_NO_PIC = NO;
				GCC_NO_COMMON_BLOCKS = YES;
				GCC_OPTIMIZATION_LEVEL = 0;
				GCC_PREPROCESSOR_DEFINITIONS = (
					"DEBUG=1",
					"$(inherited)",
				);
				GCC_WARN_64_TO_32_BIT_CONVERSION = YES;
				GCC_WARN_ABOUT_RETURN_TYPE = YES_ERROR;
				GCC_WARN_UNDECLARED_SELECTOR = YES;
				GCC_WARN_UNINITIALIZED_AUTOS = YES_AGGRESSIVE;
				GCC_WARN_UNUSED_FUNCTION = YES;
				GCC_WARN_UNUSED_VARIABLE = YES;
				IPHONEOS_DEPLOYMENT_TARGET = 13.2;
				MTL_ENABLE_DEBUG_INFO = INCLUDE_SOURCE;
				MTL_FAST_MATH = YES;
				ONLY_ACTIVE_ARCH = YES;
				SDKROOT = iphoneos;
				SWIFT_ACTIVE_COMPILATION_CONDITIONS = DEBUG;
				SWIFT_OPTIMIZATION_LEVEL = "-Onone";
			};
			name = Debug;
		};
		3DD9D0492404C6210003B11D /* Release */ = {
			isa = XCBuildConfiguration;
			buildSettings = {
				ALWAYS_SEARCH_USER_PATHS = NO;
				CLANG_ANALYZER_NONNULL = YES;
				CLANG_ANALYZER_NUMBER_OBJECT_CONVERSION = YES_AGGRESSIVE;
				CLANG_CXX_LANGUAGE_STANDARD = "gnu++14";
				CLANG_CXX_LIBRARY = "libc++";
				CLANG_ENABLE_MODULES = YES;
				CLANG_ENABLE_OBJC_ARC = YES;
				CLANG_ENABLE_OBJC_WEAK = YES;
				CLANG_WARN_BLOCK_CAPTURE_AUTORELEASING = YES;
				CLANG_WARN_BOOL_CONVERSION = YES;
				CLANG_WARN_COMMA = YES;
				CLANG_WARN_CONSTANT_CONVERSION = YES;
				CLANG_WARN_DEPRECATED_OBJC_IMPLEMENTATIONS = YES;
				CLANG_WARN_DIRECT_OBJC_ISA_USAGE = YES_ERROR;
				CLANG_WARN_DOCUMENTATION_COMMENTS = YES;
				CLANG_WARN_EMPTY_BODY = YES;
				CLANG_WARN_ENUM_CONVERSION = YES;
				CLANG_WARN_INFINITE_RECURSION = YES;
				CLANG_WARN_INT_CONVERSION = YES;
				CLANG_WARN_NON_LITERAL_NULL_CONVERSION = YES;
				CLANG_WARN_OBJC_IMPLICIT_RETAIN_SELF = YES;
				CLANG_WARN_OBJC_LITERAL_CONVERSION = YES;
				CLANG_WARN_OBJC_ROOT_CLASS = YES_ERROR;
				CLANG_WARN_RANGE_LOOP_ANALYSIS = YES;
				CLANG_WARN_STRICT_PROTOTYPES = YES;
				CLANG_WARN_SUSPICIOUS_MOVE = YES;
				CLANG_WARN_UNGUARDED_AVAILABILITY = YES_AGGRESSIVE;
				CLANG_WARN_UNREACHABLE_CODE = YES;
				CLANG_WARN__DUPLICATE_METHOD_MATCH = YES;
				COPY_PHASE_STRIP = NO;
				DEBUG_INFORMATION_FORMAT = "dwarf-with-dsym";
				ENABLE_NS_ASSERTIONS = NO;
				ENABLE_STRICT_OBJC_MSGSEND = YES;
				GCC_C_LANGUAGE_STANDARD = gnu11;
				GCC_NO_COMMON_BLOCKS = YES;
				GCC_WARN_64_TO_32_BIT_CONVERSION = YES;
				GCC_WARN_ABOUT_RETURN_TYPE = YES_ERROR;
				GCC_WARN_UNDECLARED_SELECTOR = YES;
				GCC_WARN_UNINITIALIZED_AUTOS = YES_AGGRESSIVE;
				GCC_WARN_UNUSED_FUNCTION = YES;
				GCC_WARN_UNUSED_VARIABLE = YES;
				IPHONEOS_DEPLOYMENT_TARGET = 13.2;
				MTL_ENABLE_DEBUG_INFO = NO;
				MTL_FAST_MATH = YES;
				SDKROOT = iphoneos;
				SWIFT_COMPILATION_MODE = wholemodule;
				SWIFT_OPTIMIZATION_LEVEL = "-O";
				VALIDATE_PRODUCT = YES;
			};
			name = Release;
		};
		3DD9D04B2404C6210003B11D /* Debug */ = {
			isa = XCBuildConfiguration;
			baseConfigurationReference = 1E19F78811B5C71863AFDEBE /* Pods-ListaZap.debug.xcconfig */;
			buildSettings = {
				ASSETCATALOG_COMPILER_APPICON_NAME = AppIcon;
				CODE_SIGN_STYLE = Automatic;
				DEVELOPMENT_TEAM = C8VJT32M4J;
				INFOPLIST_FILE = ListaZap/Info.plist;
				LD_RUNPATH_SEARCH_PATHS = (
					"$(inherited)",
					"@executable_path/Frameworks",
				);
				PRODUCT_BUNDLE_IDENTIFIER = teste.ListaZap;
				PRODUCT_NAME = "$(TARGET_NAME)";
				SWIFT_VERSION = 5.0;
				TARGETED_DEVICE_FAMILY = "1,2";
			};
			name = Debug;
		};
		3DD9D04C2404C6210003B11D /* Release */ = {
			isa = XCBuildConfiguration;
			baseConfigurationReference = 665D32C5B7FFAC8B502CA207 /* Pods-ListaZap.release.xcconfig */;
			buildSettings = {
				ASSETCATALOG_COMPILER_APPICON_NAME = AppIcon;
				CODE_SIGN_STYLE = Automatic;
				DEVELOPMENT_TEAM = C8VJT32M4J;
				INFOPLIST_FILE = ListaZap/Info.plist;
				LD_RUNPATH_SEARCH_PATHS = (
					"$(inherited)",
					"@executable_path/Frameworks",
				);
				PRODUCT_BUNDLE_IDENTIFIER = teste.ListaZap;
				PRODUCT_NAME = "$(TARGET_NAME)";
				SWIFT_VERSION = 5.0;
				TARGETED_DEVICE_FAMILY = "1,2";
			};
			name = Release;
		};
		3DD9D04E2404C6210003B11D /* Debug */ = {
			isa = XCBuildConfiguration;
			baseConfigurationReference = 78C2FA0FEF8192034573E882 /* Pods-ListaZapTests.debug.xcconfig */;
			buildSettings = {
				ALWAYS_EMBED_SWIFT_STANDARD_LIBRARIES = YES;
				BUNDLE_LOADER = "$(TEST_HOST)";
				CODE_SIGN_STYLE = Automatic;
				DEVELOPMENT_TEAM = C8VJT32M4J;
				INFOPLIST_FILE = ListaZapTests/Info.plist;
				IPHONEOS_DEPLOYMENT_TARGET = 13.2;
				LD_RUNPATH_SEARCH_PATHS = (
					"$(inherited)",
					"@executable_path/Frameworks",
					"@loader_path/Frameworks",
				);
				PRODUCT_BUNDLE_IDENTIFIER = teste.ListaZapTests;
				PRODUCT_NAME = "$(TARGET_NAME)";
				SWIFT_VERSION = 5.0;
				TARGETED_DEVICE_FAMILY = "1,2";
				TEST_HOST = "$(BUILT_PRODUCTS_DIR)/ListaZap.app/ListaZap";
			};
			name = Debug;
		};
		3DD9D04F2404C6210003B11D /* Release */ = {
			isa = XCBuildConfiguration;
			baseConfigurationReference = 346B9D42BFDF8C9688CB4489 /* Pods-ListaZapTests.release.xcconfig */;
			buildSettings = {
				ALWAYS_EMBED_SWIFT_STANDARD_LIBRARIES = YES;
				BUNDLE_LOADER = "$(TEST_HOST)";
				CODE_SIGN_STYLE = Automatic;
				DEVELOPMENT_TEAM = C8VJT32M4J;
				INFOPLIST_FILE = ListaZapTests/Info.plist;
				IPHONEOS_DEPLOYMENT_TARGET = 13.2;
				LD_RUNPATH_SEARCH_PATHS = (
					"$(inherited)",
					"@executable_path/Frameworks",
					"@loader_path/Frameworks",
				);
				PRODUCT_BUNDLE_IDENTIFIER = teste.ListaZapTests;
				PRODUCT_NAME = "$(TARGET_NAME)";
				SWIFT_VERSION = 5.0;
				TARGETED_DEVICE_FAMILY = "1,2";
				TEST_HOST = "$(BUILT_PRODUCTS_DIR)/ListaZap.app/ListaZap";
			};
			name = Release;
		};
/* End XCBuildConfiguration section */

/* Begin XCConfigurationList section */
		3DD9D0262404C61E0003B11D /* Build configuration list for PBXProject "ListaZap" */ = {
			isa = XCConfigurationList;
			buildConfigurations = (
				3DD9D0482404C6210003B11D /* Debug */,
				3DD9D0492404C6210003B11D /* Release */,
			);
			defaultConfigurationIsVisible = 0;
			defaultConfigurationName = Release;
		};
		3DD9D04A2404C6210003B11D /* Build configuration list for PBXNativeTarget "ListaZap" */ = {
			isa = XCConfigurationList;
			buildConfigurations = (
				3DD9D04B2404C6210003B11D /* Debug */,
				3DD9D04C2404C6210003B11D /* Release */,
			);
			defaultConfigurationIsVisible = 0;
			defaultConfigurationName = Release;
		};
		3DD9D04D2404C6210003B11D /* Build configuration list for PBXNativeTarget "ListaZapTests" */ = {
			isa = XCConfigurationList;
			buildConfigurations = (
				3DD9D04E2404C6210003B11D /* Debug */,
				3DD9D04F2404C6210003B11D /* Release */,
			);
			defaultConfigurationIsVisible = 0;
			defaultConfigurationName = Release;
		};
/* End XCConfigurationList section */
	};
	rootObject = 3DD9D0232404C61E0003B11D /* Project object */;
}
